# =============================================================================
# requirements.lock - Vollstaendig gepinnte Yuki-Haupt-venv (Python 3.14.5)
# =============================================================================
# Erzeugt via: pip freeze > requirements.lock
# Wiederherstellen:  pip install -r requirements.lock
# Top-Level-Liste:   pyproject.toml (was Yuki direkt braucht)
# F5-TTS-venv:       siehe config/f5_requirements.txt (separater Stack)
# =============================================================================
annotated-doc==0.0.4
anyio==4.13.0
av==17.0.1
blinker==1.9.0
caldav==3.2.1
certifi==2026.5.20
cffi==2.0.0
charset-normalizer==3.4.7
click==8.4.1
colorama==0.4.6
cryptography==48.0.0
ctranslate2==4.7.2
Deprecated==1.3.1
dnspython==2.8.0
faster-whisper==1.2.1
filelock==3.29.0
Flask==3.1.3
flatbuffers==25.12.19
fsspec==2026.4.0
fugashi==1.5.2
h11==0.16.0
hf-xet==1.5.0
holidays==0.97
httpcore==1.0.9
httpx==0.28.1
huggingface_hub==1.16.1
icalendar==7.1.2
icalendar-searcher==1.0.6
idna==3.16
itsdangerous==2.2.0
jaconv==0.5.0
jh2==5.0.13
Jinja2==3.1.6
joblib==1.5.3
keyboard==0.13.5
linkify-it-py==2.1.0
lxml==6.1.1
markdown-it-py==4.2.0
MarkupSafe==3.0.3
mdit-py-plugins==0.6.1
mdurl==0.1.2
mpmath==1.3.0
narwhals==2.22.0
niquests==3.18.8
numpy==2.4.6
nvidia-cublas-cu12==12.9.2.10
nvidia-cuda-nvrtc-cu12==12.9.86
nvidia-cudnn-cu12==9.22.0.52
onnxruntime==1.26.0
openwakeword==0.6.0
packaging==26.2
pillow==12.2.0
platformdirs==4.10.0
protobuf==7.35.0
psutil==7.2.2
pycparser==3.0
Pygments==2.20.0
pykakasi==2.3.0
python-dateutil==2.9.0.post0
python-osc==1.10.2
python-pptx==1.0.2
PyYAML==6.0.3
qh3==1.8.1
recurring-ical-events==3.8.2
requests==2.34.2
rich==15.0.0
scikit-learn==1.9.0
scipy==1.17.1
setuptools==82.0.1
shellingham==1.5.4
six==1.17.0
sounddevice==0.5.5
sympy==1.14.0
textual==8.2.7
threadpoolctl==3.6.0
tokenizers==0.23.1
tqdm==4.67.3
typer==0.26.0
typing_extensions==4.15.0
tzdata==2026.2
uc-micro-py==2.0.0
unidic-lite==1.0.8
urllib3==2.7.0
urllib3-future==2.21.900
wassima==2.1.0
Werkzeug==3.1.8
wrapt==2.2.1
x-wr-timezone==2.0.1
xlsxwriter==3.2.9
yt-dlp==2026.3.17
